
Microsoft Visual Studio Solution File, Format Version 12.00
Project("{FAE04EC0-301F-11D3-BF4B-00C04F79EFBC}") = "Day1", "Day1\Day1.csproj", "{5EA511EB-B106-4617-8D28-08618B2BB308}"
EndProject
Project("{FAE04EC0-301F-11D3-BF4B-00C04F79EFBC}") = "Day2", "Day2\Day2.csproj", "{67D775C3-DF0A-48F8-9D53-286FB2C5802C}"
EndProject
Project("{FAE04EC0-301F-11D3-BF4B-00C04F79EFBC}") = "Common", "Common\Common.csproj", "{A98459F3-9D89-4E9E-8661-2E69F03061F4}"
EndProject
Project("{FAE04EC0-301F-11D3-BF4B-00C04F79EFBC}") = "Day3", "Day3\Day3.csproj", "{CE202AFC-8B4C-453A-9102-38ADA937B5C7}"
EndProject
Project("{FAE04EC0-301F-11D3-BF4B-00C04F79EFBC}") = "Day4", "Day4\Day4.csproj", "{E5A6F62D-2A10-4364-9A3C-59EB97DC0D04}"
EndProject
Project("{FAE04EC0-301F-11D3-BF4B-00C04F79EFBC}") = "Day5", "Day5\Day5.csproj", "{2887794C-11D5-45F2-9E99-CD69205E6D5F}"
EndProject
Project("{FAE04EC0-301F-11D3-BF4B-00C04F79EFBC}") = "Day6", "Day6\Day6.csproj", "{F669F400-0875-49AD-A6C5-BDAE1B9F852E}"
EndProject
Project("{FAE04EC0-301F-11D3-BF4B-00C04F79EFBC}") = "Day7", "Day7\Day7.csproj", "{02AD0A01-9C2C-4779-9A9E-D38B5ED2DD80}"
EndProject
Project("{FAE04EC0-301F-11D3-BF4B-00C04F79EFBC}") = "Day8", "Day8\Day8.csproj", "{5991A674-B97A-40C4-BF84-47E6B948B900}"
EndProject
Project("{FAE04EC0-301F-11D3-BF4B-00C04F79EFBC}") = "UnitTests", "UnitTests\UnitTests.csproj", "{E1405DA4-0E5D-4CD4-9D03-8E94BB756A02}"
EndProject
Project("{FAE04EC0-301F-11D3-BF4B-00C04F79EFBC}") = "Day9", "Day9\Day9.csproj", "{0AEE6A53-8C98-4D23-A368-171BD737BE56}"
EndProject
Global
	GlobalSection(SolutionConfigurationPlatforms) = preSolution
		Debug|Any CPU = Debug|Any CPU
		Release|Any CPU = Release|Any CPU
	EndGlobalSection
	GlobalSection(ProjectConfigurationPlatforms) = postSolution
		{5EA511EB-B106-4617-8D28-08618B2BB308}.Debug|Any CPU.ActiveCfg = Debug|Any CPU
		{5EA511EB-B106-4617-8D28-08618B2BB308}.Debug|Any CPU.Build.0 = Debug|Any CPU
		{5EA511EB-B106-4617-8D28-08618B2BB308}.Release|Any CPU.ActiveCfg = Release|Any CPU
		{5EA511EB-B106-4617-8D28-08618B2BB308}.Release|Any CPU.Build.0 = Release|Any CPU
		{67D775C3-DF0A-48F8-9D53-286FB2C5802C}.Debug|Any CPU.ActiveCfg = Debug|Any CPU
		{67D775C3-DF0A-48F8-9D53-286FB2C5802C}.Debug|Any CPU.Build.0 = Debug|Any CPU
		{67D775C3-DF0A-48F8-9D53-286FB2C5802C}.Release|Any CPU.ActiveCfg = Release|Any CPU
		{67D775C3-DF0A-48F8-9D53-286FB2C5802C}.Release|Any CPU.Build.0 = Release|Any CPU
		{A98459F3-9D89-4E9E-8661-2E69F03061F4}.Debug|Any CPU.ActiveCfg = Debug|Any CPU
		{A98459F3-9D89-4E9E-8661-2E69F03061F4}.Debug|Any CPU.Build.0 = Debug|Any CPU
		{A98459F3-9D89-4E9E-8661-2E69F03061F4}.Release|Any CPU.ActiveCfg = Release|Any CPU
		{A98459F3-9D89-4E9E-8661-2E69F03061F4}.Release|Any CPU.Build.0 = Release|Any CPU
		{CE202AFC-8B4C-453A-9102-38ADA937B5C7}.Debug|Any CPU.ActiveCfg = Debug|Any CPU
		{CE202AFC-8B4C-453A-9102-38ADA937B5C7}.Debug|Any CPU.Build.0 = Debug|Any CPU
		{CE202AFC-8B4C-453A-9102-38ADA937B5C7}.Release|Any CPU.ActiveCfg = Release|Any CPU
		{CE202AFC-8B4C-453A-9102-38ADA937B5C7}.Release|Any CPU.Build.0 = Release|Any CPU
		{E5A6F62D-2A10-4364-9A3C-59EB97DC0D04}.Debug|Any CPU.ActiveCfg = Debug|Any CPU
		{E5A6F62D-2A10-4364-9A3C-59EB97DC0D04}.Debug|Any CPU.Build.0 = Debug|Any CPU
		{E5A6F62D-2A10-4364-9A3C-59EB97DC0D04}.Release|Any CPU.ActiveCfg = Release|Any CPU
		{E5A6F62D-2A10-4364-9A3C-59EB97DC0D04}.Release|Any CPU.Build.0 = Release|Any CPU
		{2887794C-11D5-45F2-9E99-CD69205E6D5F}.Debug|Any CPU.ActiveCfg = Debug|Any CPU
		{2887794C-11D5-45F2-9E99-CD69205E6D5F}.Debug|Any CPU.Build.0 = Debug|Any CPU
		{2887794C-11D5-45F2-9E99-CD69205E6D5F}.Release|Any CPU.ActiveCfg = Release|Any CPU
		{2887794C-11D5-45F2-9E99-CD69205E6D5F}.Release|Any CPU.Build.0 = Release|Any CPU
		{F669F400-0875-49AD-A6C5-BDAE1B9F852E}.Debug|Any CPU.ActiveCfg = Debug|Any CPU
		{F669F400-0875-49AD-A6C5-BDAE1B9F852E}.Debug|Any CPU.Build.0 = Debug|Any CPU
		{F669F400-0875-49AD-A6C5-BDAE1B9F852E}.Release|Any CPU.ActiveCfg = Release|Any CPU
		{F669F400-0875-49AD-A6C5-BDAE1B9F852E}.Release|Any CPU.Build.0 = Release|Any CPU
		{02AD0A01-9C2C-4779-9A9E-D38B5ED2DD80}.Debug|Any CPU.ActiveCfg = Debug|Any CPU
		{02AD0A01-9C2C-4779-9A9E-D38B5ED2DD80}.Debug|Any CPU.Build.0 = Debug|Any CPU
		{02AD0A01-9C2C-4779-9A9E-D38B5ED2DD80}.Release|Any CPU.ActiveCfg = Release|Any CPU
		{02AD0A01-9C2C-4779-9A9E-D38B5ED2DD80}.Release|Any CPU.Build.0 = Release|Any CPU
		{5991A674-B97A-40C4-BF84-47E6B948B900}.Debug|Any CPU.ActiveCfg = Debug|Any CPU
		{5991A674-B97A-40C4-BF84-47E6B948B900}.Debug|Any CPU.Build.0 = Debug|Any CPU
		{5991A674-B97A-40C4-BF84-47E6B948B900}.Release|Any CPU.ActiveCfg = Release|Any CPU
		{5991A674-B97A-40C4-BF84-47E6B948B900}.Release|Any CPU.Build.0 = Release|Any CPU
		{E1405DA4-0E5D-4CD4-9D03-8E94BB756A02}.Debug|Any CPU.ActiveCfg = Debug|Any CPU
		{E1405DA4-0E5D-4CD4-9D03-8E94BB756A02}.Debug|Any CPU.Build.0 = Debug|Any CPU
		{E1405DA4-0E5D-4CD4-9D03-8E94BB756A02}.Release|Any CPU.ActiveCfg = Release|Any CPU
		{E1405DA4-0E5D-4CD4-9D03-8E94BB756A02}.Release|Any CPU.Build.0 = Release|Any CPU
		{0AEE6A53-8C98-4D23-A368-171BD737BE56}.Debug|Any CPU.ActiveCfg = Debug|Any CPU
		{0AEE6A53-8C98-4D23-A368-171BD737BE56}.Debug|Any CPU.Build.0 = Debug|Any CPU
		{0AEE6A53-8C98-4D23-A368-171BD737BE56}.Release|Any CPU.ActiveCfg = Release|Any CPU
		{0AEE6A53-8C98-4D23-A368-171BD737BE56}.Release|Any CPU.Build.0 = Release|Any CPU
	EndGlobalSection
EndGlobal
